
Microsoft Visual Studio Solution File, Format Version 12.00
# Visual Studio 14
VisualStudioVersion = 14.0.25420.1
MinimumVisualStudioVersion = 10.0.40219.1
Project("{2150E333-8FDC-42A3-9474-1A3956D46DE8}") = "Solution Items", "Solution Items", "{26E0EEDE-0920-479D-B5A4-57B0AB9C5577}"
	ProjectSection(SolutionItems) = preProject
		BitDiffer.vsmdi = BitDiffer.vsmdi
		localtestrun.testrunconfig = localtestrun.testrunconfig
		..\readme.md = ..\readme.md
	EndProjectSection
	ProjectSection(FolderStartupServices) = postProject
		{B4F97281-0DBD-4835-9ED8-7DFB966E87FF} = {B4F97281-0DBD-4835-9ED8-7DFB966E87FF}
	EndProjectSection
EndProject
Project("{FAE04EC0-301F-11D3-BF4B-00C04F79EFBC}") = "BitDiffer.Core", "BitDiffer.Core\BitDiffer.Core.csproj", "{BB8E530F-3259-4214-95E3-2C6B065FF458}"
EndProject
Project("{FAE04EC0-301F-11D3-BF4B-00C04F79EFBC}") = "BitDiffer.Console", "BitDiffer.Console\BitDiffer.Console.csproj", "{C3BFA742-64D4-493F-B40A-8F21693A6462}"
EndProject
Project("{FAE04EC0-301F-11D3-BF4B-00C04F79EFBC}") = "BitDiffer.Extractor", "BitDiffer.Extractor\BitDiffer.Extractor.csproj", "{14E29632-027E-48DF-AC95-40E64BBBC5E0}"
EndProject
Project("{FAE04EC0-301F-11D3-BF4B-00C04F79EFBC}") = "BitDiffer.Tests", "BitDiffer.Tests\BitDiffer.Tests.csproj", "{C44E230F-6E53-4779-A7D9-568F2A961842}"
EndProject
Project("{FAE04EC0-301F-11D3-BF4B-00C04F79EFBC}") = "BitDiffer.Tests.Subject1", "BitDiffer.Tests.Subject1\BitDiffer.Tests.Subject1.csproj", "{6AA1230B-F24E-4A10-9CCF-2245828F282B}"
EndProject
Project("{FAE04EC0-301F-11D3-BF4B-00C04F79EFBC}") = "BitDiffer.Common", "BitDiffer.Common\BitDiffer.Common.csproj", "{4701FEDD-3664-432A-B602-4EF5CA3D0050}"
EndProject
Project("{FAE04EC0-301F-11D3-BF4B-00C04F79EFBC}") = "BitDiffer.Tests.Reference1", "BitDiffer.Tests.Reference1\BitDiffer.Tests.Reference1.csproj", "{120C2029-B09E-4375-AA4D-261A93C759DA}"
EndProject
Project("{FAE04EC0-301F-11D3-BF4B-00C04F79EFBC}") = "BitDiffer.Tests.Subject2", "BitDiffer.Tests.Subject2\BitDiffer.Tests.Subject2.csproj", "{ADC10B89-E4B3-4C3D-B243-F20A9466AC9C}"
EndProject
Project("{FAE04EC0-301F-11D3-BF4B-00C04F79EFBC}") = "BitDiffer.Tests.Reference2", "BitDiffer.Tests.Reference2\BitDiffer.Tests.Reference2.csproj", "{05BB99F1-4B42-4228-BFC5-F6DA0909DB19}"
EndProject
Project("{FAE04EC0-301F-11D3-BF4B-00C04F79EFBC}") = "Aga.Controls", "Aga.Controls\Aga.Controls.csproj", "{E73BB233-D88B-44A7-A98F-D71EE158381D}"
EndProject
Project("{FAE04EC0-301F-11D3-BF4B-00C04F79EFBC}") = "BitDiffer.Client", "BitDiffer.Client\BitDiffer.Client.csproj", "{F113EB58-59DE-4682-8489-1F5DE6864ACA}"
EndProject
Project("{F2A71F9B-5D33-465A-A702-920D77279786}") = "scripts", "..\Build\scripts\scripts.fsproj", "{99563A3A-E0D3-47D8-8C86-CCEBA16D5B59}"
EndProject
Global
	GlobalSection(SolutionConfigurationPlatforms) = preSolution
		Debug|Any CPU = Debug|Any CPU
		Release|Any CPU = Release|Any CPU
	EndGlobalSection
	GlobalSection(ProjectConfigurationPlatforms) = postSolution
		{BB8E530F-3259-4214-95E3-2C6B065FF458}.Debug|Any CPU.ActiveCfg = Debug|Any CPU
		{BB8E530F-3259-4214-95E3-2C6B065FF458}.Debug|Any CPU.Build.0 = Debug|Any CPU
		{BB8E530F-3259-4214-95E3-2C6B065FF458}.Release|Any CPU.ActiveCfg = Release|Any CPU
		{BB8E530F-3259-4214-95E3-2C6B065FF458}.Release|Any CPU.Build.0 = Release|Any CPU
		{C3BFA742-64D4-493F-B40A-8F21693A6462}.Debug|Any CPU.ActiveCfg = Debug|Any CPU
		{C3BFA742-64D4-493F-B40A-8F21693A6462}.Debug|Any CPU.Build.0 = Debug|Any CPU
		{C3BFA742-64D4-493F-B40A-8F21693A6462}.Release|Any CPU.ActiveCfg = Release|Any CPU
		{C3BFA742-64D4-493F-B40A-8F21693A6462}.Release|Any CPU.Build.0 = Release|Any CPU
		{14E29632-027E-48DF-AC95-40E64BBBC5E0}.Debug|Any CPU.ActiveCfg = Debug|Any CPU
		{14E29632-027E-48DF-AC95-40E64BBBC5E0}.Debug|Any CPU.Build.0 = Debug|Any CPU
		{14E29632-027E-48DF-AC95-40E64BBBC5E0}.Release|Any CPU.ActiveCfg = Release|Any CPU
		{14E29632-027E-48DF-AC95-40E64BBBC5E0}.Release|Any CPU.Build.0 = Release|Any CPU
		{C44E230F-6E53-4779-A7D9-568F2A961842}.Debug|Any CPU.ActiveCfg = Debug|Any CPU
		{C44E230F-6E53-4779-A7D9-568F2A961842}.Debug|Any CPU.Build.0 = Debug|Any CPU
		{C44E230F-6E53-4779-A7D9-568F2A961842}.Release|Any CPU.ActiveCfg = Release|Any CPU
		{C44E230F-6E53-4779-A7D9-568F2A961842}.Release|Any CPU.Build.0 = Release|Any CPU
		{6AA1230B-F24E-4A10-9CCF-2245828F282B}.Debug|Any CPU.ActiveCfg = Debug|Any CPU
		{6AA1230B-F24E-4A10-9CCF-2245828F282B}.Debug|Any CPU.Build.0 = Debug|Any CPU
		{6AA1230B-F24E-4A10-9CCF-2245828F282B}.Release|Any CPU.ActiveCfg = Release|Any CPU
		{6AA1230B-F24E-4A10-9CCF-2245828F282B}.Release|Any CPU.Build.0 = Release|Any CPU
		{4701FEDD-3664-432A-B602-4EF5CA3D0050}.Debug|Any CPU.ActiveCfg = Debug|Any CPU
		{4701FEDD-3664-432A-B602-4EF5CA3D0050}.Debug|Any CPU.Build.0 = Debug|Any CPU
		{4701FEDD-3664-432A-B602-4EF5CA3D0050}.Release|Any CPU.ActiveCfg = Release|Any CPU
		{4701FEDD-3664-432A-B602-4EF5CA3D0050}.Release|Any CPU.Build.0 = Release|Any CPU
		{120C2029-B09E-4375-AA4D-261A93C759DA}.Debug|Any CPU.ActiveCfg = Debug|Any CPU
		{120C2029-B09E-4375-AA4D-261A93C759DA}.Debug|Any CPU.Build.0 = Debug|Any CPU
		{120C2029-B09E-4375-AA4D-261A93C759DA}.Release|Any CPU.ActiveCfg = Release|Any CPU
		{120C2029-B09E-4375-AA4D-261A93C759DA}.Release|Any CPU.Build.0 = Release|Any CPU
		{ADC10B89-E4B3-4C3D-B243-F20A9466AC9C}.Debug|Any CPU.ActiveCfg = Debug|Any CPU
		{ADC10B89-E4B3-4C3D-B243-F20A9466AC9C}.Debug|Any CPU.Build.0 = Debug|Any CPU
		{ADC10B89-E4B3-4C3D-B243-F20A9466AC9C}.Release|Any CPU.ActiveCfg = Release|Any CPU
		{ADC10B89-E4B3-4C3D-B243-F20A9466AC9C}.Release|Any CPU.Build.0 = Release|Any CPU
		{05BB99F1-4B42-4228-BFC5-F6DA0909DB19}.Debug|Any CPU.ActiveCfg = Debug|Any CPU
		{05BB99F1-4B42-4228-BFC5-F6DA0909DB19}.Debug|Any CPU.Build.0 = Debug|Any CPU
		{05BB99F1-4B42-4228-BFC5-F6DA0909DB19}.Release|Any CPU.ActiveCfg = Release|Any CPU
		{05BB99F1-4B42-4228-BFC5-F6DA0909DB19}.Release|Any CPU.Build.0 = Release|Any CPU
		{E73BB233-D88B-44A7-A98F-D71EE158381D}.Debug|Any CPU.ActiveCfg = Debug|Any CPU
		{E73BB233-D88B-44A7-A98F-D71EE158381D}.Debug|Any CPU.Build.0 = Debug|Any CPU
		{E73BB233-D88B-44A7-A98F-D71EE158381D}.Release|Any CPU.ActiveCfg = Release|Any CPU
		{E73BB233-D88B-44A7-A98F-D71EE158381D}.Release|Any CPU.Build.0 = Release|Any CPU
		{F113EB58-59DE-4682-8489-1F5DE6864ACA}.Debug|Any CPU.ActiveCfg = Debug|Any CPU
		{F113EB58-59DE-4682-8489-1F5DE6864ACA}.Debug|Any CPU.Build.0 = Debug|Any CPU
		{F113EB58-59DE-4682-8489-1F5DE6864ACA}.Release|Any CPU.ActiveCfg = Release|Any CPU
		{F113EB58-59DE-4682-8489-1F5DE6864ACA}.Release|Any CPU.Build.0 = Release|Any CPU
		{99563A3A-E0D3-47D8-8C86-CCEBA16D5B59}.Debug|Any CPU.ActiveCfg = Debug|Any CPU
		{99563A3A-E0D3-47D8-8C86-CCEBA16D5B59}.Debug|Any CPU.Build.0 = Debug|Any CPU
		{99563A3A-E0D3-47D8-8C86-CCEBA16D5B59}.Release|Any CPU.ActiveCfg = Release|Any CPU
		{99563A3A-E0D3-47D8-8C86-CCEBA16D5B59}.Release|Any CPU.Build.0 = Release|Any CPU
	EndGlobalSection
	GlobalSection(SolutionProperties) = preSolution
		HideSolutionNode = FALSE
	EndGlobalSection
	GlobalSection(NestedProjects) = preSolution
		{99563A3A-E0D3-47D8-8C86-CCEBA16D5B59} = {26E0EEDE-0920-479D-B5A4-57B0AB9C5577}
	EndGlobalSection
	GlobalSection(TestCaseManagementSettings) = postSolution
		CategoryFile = BitDiffer.vsmdi
	EndGlobalSection
	GlobalSection(TextTemplating) = postSolution
		TextTemplating = 1
	EndGlobalSection
EndGlobal
